
Microsoft Visual Studio Solution File, Format Version 12.00
# Visual Studio Version 17
VisualStudioVersion = 17.3.32825.248
MinimumVisualStudioVersion = 10.0.40219.1
Project("{FAE04EC0-301F-11D3-BF4B-00C04F79EFBC}") = "Zoo", "Zoo.csproj", "{CFC0A65D-4643-4508-9B2D-28508458F3A9}"
EndProject
Global
	GlobalSection(SolutionConfigurationPlatforms) = preSolution
		Debug|Any CPU = Debug|Any CPU
		Release|Any CPU = Release|Any CPU
	EndGlobalSection
	GlobalSection(ProjectConfigurationPlatforms) = postSolution
		{CFC0A65D-4643-4508-9B2D-28508458F3A9}.Debug|Any CPU.ActiveCfg = Debug|Any CPU
		{CFC0A65D-4643-4508-9B2D-28508458F3A9}.Debug|Any CPU.Build.0 = Debug|Any CPU
		{CFC0A65D-4643-4508-9B2D-28508458F3A9}.Release|Any CPU.ActiveCfg = Release|Any CPU
		{CFC0A65D-4643-4508-9B2D-28508458F3A9}.Release|Any CPU.Build.0 = Release|Any CPU
	EndGlobalSection
	GlobalSection(SolutionProperties) = preSolution
		HideSolutionNode = FALSE
	EndGlobalSection
	GlobalSection(ExtensibilityGlobals) = postSolution
		SolutionGuid = {5919DC2D-8C4B-471A-BA90-91A692547811}
	EndGlobalSection
EndGlobal
